
Microsoft Visual Studio Solution File, Format Version 12.00
# Visual Studio Version 17
VisualStudioVersion = 17.11.35312.102
MinimumVisualStudioVersion = 10.0.40219.1
Project("{8BC9CEB8-8B4A-11D0-8D11-00A0C91BC942}") = "HWP18", "HWP18\HWP18.vcxproj", "{233ECA2F-780F-4492-AF60-9BD1F1D14BDD}"
EndProject
Global
	GlobalSection(SolutionConfigurationPlatforms) = preSolution
		Debug|x64 = Debug|x64
		Debug|x86 = Debug|x86
		Release|x64 = Release|x64
		Release|x86 = Release|x86
	EndGlobalSection
	GlobalSection(ProjectConfigurationPlatforms) = postSolution
		{233ECA2F-780F-4492-AF60-9BD1F1D14BDD}.Debug|x64.ActiveCfg = Debug|x64
		{233ECA2F-780F-4492-AF60-9BD1F1D14BDD}.Debug|x64.Build.0 = Debug|x64
		{233ECA2F-780F-4492-AF60-9BD1F1D14BDD}.Debug|x86.ActiveCfg = Debug|Win32
		{233ECA2F-780F-4492-AF60-9BD1F1D14BDD}.Debug|x86.Build.0 = Debug|Win32
		{233ECA2F-780F-4492-AF60-9BD1F1D14BDD}.Release|x64.ActiveCfg = Release|x64
		{233ECA2F-780F-4492-AF60-9BD1F1D14BDD}.Release|x64.Build.0 = Release|x64
		{233ECA2F-780F-4492-AF60-9BD1F1D14BDD}.Release|x86.ActiveCfg = Release|Win32
		{233ECA2F-780F-4492-AF60-9BD1F1D14BDD}.Release|x86.Build.0 = Release|Win32
	EndGlobalSection
	GlobalSection(SolutionProperties) = preSolution
		HideSolutionNode = FALSE
	EndGlobalSection
	GlobalSection(ExtensibilityGlobals) = postSolution
		SolutionGuid = {FE842608-A925-4C87-98F4-61DAAC1BF243}
	EndGlobalSection
EndGlobal
